schema: '2.0'
stages:
  download:
    cmd: python -m recsys.data.download
    deps:
    - path: src/recsys/data/download.py
      hash: md5
      md5: fcb7fa4bd867d10b90353c00f16e2422
      size: 2658
    params:
      params.yaml:
        data.movielens:
          url: https://files.grouplens.org/datasets/movielens/ml-32m.zip
          sha256: 
            e4a68655d7386b8f95f2f2424b2ff975dfdd15ffd59e0d864a14dca43e99d6ee
    outs:
    - path: data/raw/ml-32m
      hash: md5
      md5: ec6fac2724479bc4d97190945181aa49.dir
      size: 955633013
      nfiles: 5
  validate:
    cmd: python -m recsys.data.validate
    deps:
    - path: data/raw/ml-32m
      hash: md5
      md5: ec6fac2724479bc4d97190945181aa49.dir
      size: 955633013
      nfiles: 5
    - path: src/recsys/data/validate.py
      hash: md5
      md5: 76474bb1ea2dac712d10a15deb834e37
      size: 4556
    - path: src/recsys/utils/io.py
      hash: md5
      md5: 0cae415f444058509ef9a420b7b5e34a
      size: 727
    outs:
    - path: data/interim
      hash: md5
      md5: d1d05c025ac41def394baed9b441fc1d.dir
      size: 181307366
      nfiles: 4
    - path: metrics/data_validation.json
      hash: md5
      md5: f3ca12fb93cd5f601a7dd89ca6ba23fd
      size: 271
  preprocess:
    cmd: python -m recsys.data.preprocess
    deps:
    - path: data/interim/ratings.parquet
      hash: md5
      md5: ca142bc316d5f29ebd252d6ad834a8e7
      size: 164193095
    - path: src/recsys/data/preprocess.py
      hash: md5
      md5: 443bcad66ca79a379bbe79f3b229dfcc
      size: 4662
    - path: src/recsys/utils/io.py
      hash: md5
      md5: 0cae415f444058509ef9a420b7b5e34a
      size: 727
    params:
      params.yaml:
        preprocess:
          start_date: '2015-01-01'
          end_date:
          positive_threshold: 3.5
          max_items: 20000
          min_user_interactions: 5
          min_item_interactions: 10
    outs:
    - path: data/processed/interactions.parquet
      hash: md5
      md5: 7f0ae7f5d3e152c8789b4753ec0805c6
      size: 36230294
    - path: data/processed/item_map.parquet
      hash: md5
      md5: 50c8c1928ec87e61c58246de59f8f7fc
      size: 175578
    - path: data/processed/user_map.parquet
      hash: md5
      md5: 687a20412a8006a09b1097ebeea87c76
      size: 651618
    - path: metrics/preprocess.json
      hash: md5
      md5: 84692c47474beeb1915c14aba938dd18
      size: 167
  split:
    cmd: python -m recsys.data.split
    deps:
    - path: data/processed/interactions.parquet
      hash: md5
      md5: 7f0ae7f5d3e152c8789b4753ec0805c6
      size: 36230294
    - path: src/recsys/data/preprocess.py
      hash: md5
      md5: 443bcad66ca79a379bbe79f3b229dfcc
      size: 4662
    - path: src/recsys/data/split.py
      hash: md5
      md5: 127a143bbcb3f79be683454f5bf4499a
      size: 2968
    - path: src/recsys/utils/io.py
      hash: md5
      md5: 0cae415f444058509ef9a420b7b5e34a
      size: 727
    params:
      params.yaml:
        split:
          val_start: '2022-01-01'
          test_start: '2023-01-01'
    outs:
    - path: data/processed/splits
      hash: md5
      md5: cd861dfb9874d23c5507e0b0661bd3dc.dir
      size: 36393308
      nfiles: 3
    - path: metrics/split.json
      hash: md5
      md5: e9a3aaaf2a7aeb3da44bb26190f1a011
      size: 384
  items:
    cmd: python -m recsys.data.items
    deps:
    - path: data/interim/links.parquet
      hash: md5
      md5: 95bb686a7f617c27630ccd68c03c5915
      size: 1369095
    - path: data/interim/movies.parquet
      hash: md5
      md5: 134fc1e330852f04bc71696af5db44d5
      size: 1871089
    - path: data/processed/item_map.parquet
      hash: md5
      md5: 50c8c1928ec87e61c58246de59f8f7fc
      size: 175578
    - path: src/recsys/data/items.py
      hash: md5
      md5: fe62ed0d507aa42c8e38edf7a535a695
      size: 1745
    - path: src/recsys/utils/io.py
      hash: md5
      md5: 0cae415f444058509ef9a420b7b5e34a
      size: 727
    outs:
    - path: data/processed/items.parquet
      hash: md5
      md5: ab61fe6a1bd0ea374a5a0538f48559ce
      size: 701413
  train@popularity:
    cmd: python -m recsys.models.train popularity
    deps:
    - path: data/processed/item_map.parquet
      hash: md5
      md5: 50c8c1928ec87e61c58246de59f8f7fc
      size: 175578
    - path: data/processed/splits/train.parquet
      hash: md5
      md5: 9c0ce1f6d69c1dce7ef9880b86406bff
      size: 31410215
    - path: src/recsys/models/__init__.py
      hash: md5
      md5: 36c4b440fdb6f0bb1c4221e909830b81
      size: 910
    - path: src/recsys/models/base.py
      hash: md5
      md5: e4366fc28fa17f20253229b8ead90ade
      size: 4187
    - path: src/recsys/models/popularity.py
      hash: md5
      md5: 0a1f0614a31cd70358586a9124b639d0
      size: 2012
    - path: src/recsys/models/train.py
      hash: md5
      md5: 7ba02bec3cc1ffdc0f5e80f6ffc54a9d
      size: 1828
    - path: src/recsys/utils/io.py
      hash: md5
      md5: 0cae415f444058509ef9a420b7b5e34a
      size: 727
    params:
      params.yaml:
        models.popularity:
          half_life_days: 30
        seed: 42
    outs:
    - path: models/popularity
      hash: md5
      md5: d6f6932b40e7c01275d548e4969e4364.dir
      size: 78788
      nfiles: 2
  train@item_knn:
    cmd: python -m recsys.models.train item_knn
    deps:
    - path: data/processed/item_map.parquet
      hash: md5
      md5: 50c8c1928ec87e61c58246de59f8f7fc
      size: 175578
    - path: data/processed/splits/train.parquet
      hash: md5
      md5: 9c0ce1f6d69c1dce7ef9880b86406bff
      size: 31410215
    - path: src/recsys/models/__init__.py
      hash: md5
      md5: 36c4b440fdb6f0bb1c4221e909830b81
      size: 910
    - path: src/recsys/models/base.py
      hash: md5
      md5: e4366fc28fa17f20253229b8ead90ade
      size: 4187
    - path: src/recsys/models/item_knn.py
      hash: md5
      md5: 1a90095bec72f0ab15450c4c0f5ff78a
      size: 5401
    - path: src/recsys/models/train.py
      hash: md5
      md5: 7ba02bec3cc1ffdc0f5e80f6ffc54a9d
      size: 1828
    - path: src/recsys/utils/io.py
      hash: md5
      md5: 0cae415f444058509ef9a420b7b5e34a
      size: 727
    params:
      params.yaml:
        models.item_knn:
          k: 853
          similarity: cosine
          shrinkage: 19.53
        seed: 42
    outs:
    - path: models/item_knn
      hash: md5
      md5: 0bebe175c46f245db94124dbc0207665.dir
      size: 130823050
      nfiles: 4
  evaluate@popularity:
    cmd: python -m recsys.evaluation.evaluate popularity
    deps:
    - path: data/processed/splits/train.parquet
      hash: md5
      md5: 9c0ce1f6d69c1dce7ef9880b86406bff
      size: 31410215
    - path: data/processed/splits/val.parquet
      hash: md5
      md5: bc6d456a61c87922336dd49ceb5cb388
      size: 2615608
    - path: models/popularity
      hash: md5
      md5: d6f6932b40e7c01275d548e4969e4364.dir
      size: 78788
      nfiles: 2
    - path: src/recsys/evaluation
      hash: md5
      md5: 102cccc5ecfadeb823e1e79f0f8c5ef8.dir
      size: 37362
      nfiles: 8
    - path: src/recsys/models/__init__.py
      hash: md5
      md5: 36c4b440fdb6f0bb1c4221e909830b81
      size: 910
    - path: src/recsys/models/base.py
      hash: md5
      md5: e4366fc28fa17f20253229b8ead90ade
      size: 4187
    - path: src/recsys/models/popularity.py
      hash: md5
      md5: 0a1f0614a31cd70358586a9124b639d0
      size: 2012
    - path: src/recsys/utils/io.py
      hash: md5
      md5: 0cae415f444058509ef9a420b7b5e34a
      size: 727
    params:
      params.yaml:
        evaluation:
          ks:
          - 10
          - 20
          batch_size: 1024
          onboarding:
            n_history: 10
          history_segments:
          - 20
          - 100
          bootstrap:
            n_resamples: 1000
            confidence: 0.95
          latency_users: 200
        seed: 42
    outs:
    - path: data/evaluation/val/popularity.parquet
      hash: md5
      md5: 4493905d226c50f519a4cb60fd9e89c3
      size: 396734
    - path: metrics/val_popularity.json
      hash: md5
      md5: c6323da511536d12b1422a83bca73ad2
      size: 3591
  evaluate@item_knn:
    cmd: python -m recsys.evaluation.evaluate item_knn
    deps:
    - path: data/processed/splits/train.parquet
      hash: md5
      md5: 9c0ce1f6d69c1dce7ef9880b86406bff
      size: 31410215
    - path: data/processed/splits/val.parquet
      hash: md5
      md5: bc6d456a61c87922336dd49ceb5cb388
      size: 2615608
    - path: models/item_knn
      hash: md5
      md5: 0bebe175c46f245db94124dbc0207665.dir
      size: 130823050
      nfiles: 4
    - path: src/recsys/evaluation
      hash: md5
      md5: 102cccc5ecfadeb823e1e79f0f8c5ef8.dir
      size: 37362
      nfiles: 8
    - path: src/recsys/models/__init__.py
      hash: md5
      md5: 36c4b440fdb6f0bb1c4221e909830b81
      size: 910
    - path: src/recsys/models/base.py
      hash: md5
      md5: e4366fc28fa17f20253229b8ead90ade
      size: 4187
    - path: src/recsys/models/item_knn.py
      hash: md5
      md5: 1a90095bec72f0ab15450c4c0f5ff78a
      size: 5401
    - path: src/recsys/utils/io.py
      hash: md5
      md5: 0cae415f444058509ef9a420b7b5e34a
      size: 727
    params:
      params.yaml:
        evaluation:
          ks:
          - 10
          - 20
          batch_size: 1024
          onboarding:
            n_history: 10
          history_segments:
          - 20
          - 100
          bootstrap:
            n_resamples: 1000
            confidence: 0.95
          latency_users: 200
        seed: 42
    outs:
    - path: data/evaluation/val/item_knn.parquet
      hash: md5
      md5: b143b1aad4b4816a80b200e5efbec1c5
      size: 526411
    - path: metrics/val_item_knn.json
      hash: md5
      md5: d05ebcb4c59f1155fc734246258fbc30
      size: 3599
  train@ials:
    cmd: python -m recsys.models.train ials
    deps:
    - path: data/processed/item_map.parquet
      hash: md5
      md5: 50c8c1928ec87e61c58246de59f8f7fc
      size: 175578
    - path: data/processed/splits/train.parquet
      hash: md5
      md5: 9c0ce1f6d69c1dce7ef9880b86406bff
      size: 31410215
    - path: src/recsys/models/__init__.py
      hash: md5
      md5: 36c4b440fdb6f0bb1c4221e909830b81
      size: 910
    - path: src/recsys/models/base.py
      hash: md5
      md5: e4366fc28fa17f20253229b8ead90ade
      size: 4187
    - path: src/recsys/models/ials.py
      hash: md5
      md5: f979c009667ecc48d68aac14325d420f
      size: 4275
    - path: src/recsys/models/train.py
      hash: md5
      md5: 7ba02bec3cc1ffdc0f5e80f6ffc54a9d
      size: 1828
    - path: src/recsys/utils/io.py
      hash: md5
      md5: 0cae415f444058509ef9a420b7b5e34a
      size: 727
    params:
      params.yaml:
        models.ials:
          factors: 110
          regularization: 19.25
          alpha: 2.945
          iterations: 21
        seed: 42
    outs:
    - path: models/ials
      hash: md5
      md5: fafa94c022b1152c5c610af9c6e881ec.dir
      size: 8642775
      nfiles: 2
  train@ease:
    cmd: python -m recsys.models.train ease
    deps:
    - path: data/processed/item_map.parquet
      hash: md5
      md5: 50c8c1928ec87e61c58246de59f8f7fc
      size: 175578
    - path: data/processed/splits/train.parquet
      hash: md5
      md5: 9c0ce1f6d69c1dce7ef9880b86406bff
      size: 31410215
    - path: src/recsys/models/__init__.py
      hash: md5
      md5: 36c4b440fdb6f0bb1c4221e909830b81
      size: 910
    - path: src/recsys/models/base.py
      hash: md5
      md5: e4366fc28fa17f20253229b8ead90ade
      size: 4187
    - path: src/recsys/models/ease.py
      hash: md5
      md5: e555fd51d3cd8682ed544ee4208327f1
      size: 6072
    - path: src/recsys/models/train.py
      hash: md5
      md5: 7ba02bec3cc1ffdc0f5e80f6ffc54a9d
      size: 1828
    - path: src/recsys/utils/io.py
      hash: md5
      md5: 0cae415f444058509ef9a420b7b5e34a
      size: 727
    params:
      params.yaml:
        models.ease:
          l2: 1138.0
          keep_per_item: 1000
        seed: 42
    outs:
    - path: models/ease
      hash: md5
      md5: 3b0e38308f8a9cf046e43c47b3d1e448.dir
      size: 153485633
      nfiles: 4
  train@sasrec:
    cmd: python -m recsys.models.train sasrec
    deps:
    - path: data/processed/item_map.parquet
      hash: md5
      md5: 50c8c1928ec87e61c58246de59f8f7fc
      size: 175578
    - path: data/processed/splits/train.parquet
      hash: md5
      md5: 9c0ce1f6d69c1dce7ef9880b86406bff
      size: 31410215
    - path: src/recsys/models/__init__.py
      hash: md5
      md5: 36c4b440fdb6f0bb1c4221e909830b81
      size: 910
    - path: src/recsys/models/base.py
      hash: md5
      md5: e4366fc28fa17f20253229b8ead90ade
      size: 4187
    - path: src/recsys/models/sasrec.py
      hash: md5
      md5: 1ab78ea68718ed891037554b1c0df09c
      size: 11236
    - path: src/recsys/models/train.py
      hash: md5
      md5: 7ba02bec3cc1ffdc0f5e80f6ffc54a9d
      size: 1828
    - path: src/recsys/utils/io.py
      hash: md5
      md5: 0cae415f444058509ef9a420b7b5e34a
      size: 727
    params:
      params.yaml:
        models.sasrec:
          hidden_dim: 64
          n_blocks: 2
          n_heads: 1
          max_len: 50
          dropout: 0.2395
          learning_rate: 0.002352
          weight_decay: 0.0
          epochs: 10
          batch_size: 256
          n_negatives: 1024
          max_users:
        seed: 42
    outs:
    - path: models/sasrec
      hash: md5
      md5: 7ec8130a6e148ad38cd751d81814fbd3.dir
      size: 5247556
      nfiles: 29
  evaluate@ials:
    cmd: python -m recsys.evaluation.evaluate ials
    deps:
    - path: data/processed/splits/train.parquet
      hash: md5
      md5: 9c0ce1f6d69c1dce7ef9880b86406bff
      size: 31410215
    - path: data/processed/splits/val.parquet
      hash: md5
      md5: bc6d456a61c87922336dd49ceb5cb388
      size: 2615608
    - path: models/ials
      hash: md5
      md5: fafa94c022b1152c5c610af9c6e881ec.dir
      size: 8642775
      nfiles: 2
    - path: src/recsys/evaluation
      hash: md5
      md5: 102cccc5ecfadeb823e1e79f0f8c5ef8.dir
      size: 37362
      nfiles: 8
    - path: src/recsys/models/__init__.py
      hash: md5
      md5: 36c4b440fdb6f0bb1c4221e909830b81
      size: 910
    - path: src/recsys/models/base.py
      hash: md5
      md5: e4366fc28fa17f20253229b8ead90ade
      size: 4187
    - path: src/recsys/models/ials.py
      hash: md5
      md5: f979c009667ecc48d68aac14325d420f
      size: 4275
    - path: src/recsys/utils/io.py
      hash: md5
      md5: 0cae415f444058509ef9a420b7b5e34a
      size: 727
    params:
      params.yaml:
        evaluation:
          ks:
          - 10
          - 20
          batch_size: 1024
          onboarding:
            n_history: 10
          history_segments:
          - 20
          - 100
          bootstrap:
            n_resamples: 1000
            confidence: 0.95
          latency_users: 200
        seed: 42
    outs:
    - path: data/evaluation/val/ials.parquet
      hash: md5
      md5: f96226c296b0d48b5f7b44a8041e7851
      size: 536247
    - path: metrics/val_ials.json
      hash: md5
      md5: e607c1316c54212c3e0db1e681014a3a
      size: 3593
  evaluate@ease:
    cmd: python -m recsys.evaluation.evaluate ease
    deps:
    - path: data/processed/splits/train.parquet
      hash: md5
      md5: 9c0ce1f6d69c1dce7ef9880b86406bff
      size: 31410215
    - path: data/processed/splits/val.parquet
      hash: md5
      md5: bc6d456a61c87922336dd49ceb5cb388
      size: 2615608
    - path: models/ease
      hash: md5
      md5: 3b0e38308f8a9cf046e43c47b3d1e448.dir
      size: 153485633
      nfiles: 4
    - path: src/recsys/evaluation
      hash: md5
      md5: 102cccc5ecfadeb823e1e79f0f8c5ef8.dir
      size: 37362
      nfiles: 8
    - path: src/recsys/models/__init__.py
      hash: md5
      md5: 36c4b440fdb6f0bb1c4221e909830b81
      size: 910
    - path: src/recsys/models/base.py
      hash: md5
      md5: e4366fc28fa17f20253229b8ead90ade
      size: 4187
    - path: src/recsys/models/ease.py
      hash: md5
      md5: e555fd51d3cd8682ed544ee4208327f1
      size: 6072
    - path: src/recsys/utils/io.py
      hash: md5
      md5: 0cae415f444058509ef9a420b7b5e34a
      size: 727
    params:
      params.yaml:
        evaluation:
          ks:
          - 10
          - 20
          batch_size: 1024
          onboarding:
            n_history: 10
          history_segments:
          - 20
          - 100
          bootstrap:
            n_resamples: 1000
            confidence: 0.95
          latency_users: 200
        seed: 42
    outs:
    - path: data/evaluation/val/ease.parquet
      hash: md5
      md5: 0b0a4c8ac1d7570b6b988abafc656929
      size: 538065
    - path: metrics/val_ease.json
      hash: md5
      md5: 9fd68740e3853fc4c7a9e76adcd8c8f7
      size: 3588
  evaluate@sasrec:
    cmd: python -m recsys.evaluation.evaluate sasrec
    deps:
    - path: data/processed/splits/train.parquet
      hash: md5
      md5: 9c0ce1f6d69c1dce7ef9880b86406bff
      size: 31410215
    - path: data/processed/splits/val.parquet
      hash: md5
      md5: bc6d456a61c87922336dd49ceb5cb388
      size: 2615608
    - path: models/sasrec
      hash: md5
      md5: 7ec8130a6e148ad38cd751d81814fbd3.dir
      size: 5247556
      nfiles: 29
    - path: src/recsys/evaluation
      hash: md5
      md5: 102cccc5ecfadeb823e1e79f0f8c5ef8.dir
      size: 37362
      nfiles: 8
    - path: src/recsys/models/__init__.py
      hash: md5
      md5: 36c4b440fdb6f0bb1c4221e909830b81
      size: 910
    - path: src/recsys/models/base.py
      hash: md5
      md5: e4366fc28fa17f20253229b8ead90ade
      size: 4187
    - path: src/recsys/models/sasrec.py
      hash: md5
      md5: 1ab78ea68718ed891037554b1c0df09c
      size: 11236
    - path: src/recsys/utils/io.py
      hash: md5
      md5: 0cae415f444058509ef9a420b7b5e34a
      size: 727
    params:
      params.yaml:
        evaluation:
          ks:
          - 10
          - 20
          batch_size: 1024
          onboarding:
            n_history: 10
          history_segments:
          - 20
          - 100
          bootstrap:
            n_resamples: 1000
            confidence: 0.95
          latency_users: 200
        seed: 42
    outs:
    - path: data/evaluation/val/sasrec.parquet
      hash: md5
      md5: f31911e1be0ba4d45a7e387260c158ca
      size: 525831
    - path: metrics/val_sasrec.json
      hash: md5
      md5: a94fa1ee40efabaab67ccc15a4553eac
      size: 3591
